{
  "name": "@zooduck/web-component-mixin",
  "version": "0.0.1",
  "lockfileVersion": 3,
  "requires": true,
  "packages": {
    "": {
      "name": "@zooduck/web-component-mixin",
      "version": "0.0.1",
      "license": "MIT",
      "devDependencies": {
        "@zooduck/build-tools": "^0.0.6"
      }
    },
    "node_modules/@zooduck/build-tools": {
      "version": "0.0.6",
      "resolved": "https://npm.pkg.github.com/download/@zooduck/build-tools/0.0.6/c45ac3234deeda6c861254784c7caa37537574ce",
      "integrity": "sha512-ec2qk9a8qnIdc0BuPlTWQ4hX2zVv1SD/b8qbl4JH6PLstajBuijWFz7osbzUbib66xVMxbuzySKnUTr+vf4c4A==",
      "dev": true,
      "license": "MIT"
    }
  }
}
